{
  "nodes": {
    "crane": {
      "inputs": {
        "nixpkgs": [
          "nixpkgs"
        ]
      },
      "locked": {
        "lastModified": 1705625727,
        "narHash": "sha256-naMq6+TNLpEiBBjc0XaCbMLYJxJXWTZz4JGSpYGgIOM=",
        "owner": "ipetkov",
        "repo": "crane",
        "rev": "8f515142e805dc377cf8edb0ff75d14a11307f89",
        "type": "github"
      },
      "original": {
        "owner": "ipetkov",
        "repo": "crane",
        "type": "github"
      }
    },
    "nixpkgs": {
      "locked": {
        "lastModified": 1705883077,
        "narHash": "sha256-ByzHHX3KxpU1+V0erFy8jpujTufimh6KaS/Iv3AciHk=",
        "owner": "NixOS",
        "repo": "nixpkgs",
        "rev": "5f5210aa20e343b7e35f40c033000db0ef80d7b9",
        "type": "github"
      },
      "original": {
        "owner": "NixOS",
        "ref": "nixpkgs-unstable",
        "repo": "nixpkgs",
        "type": "github"
      }
    },
    "root": {
      "inputs": {
        "crane": "crane",
        "nixpkgs": "nixpkgs"
      }
    }
  },
  "root": "root",
  "version": 7
}
